// !$*UTF8*$!
{
	archiveVersion = 1;
	classes = {
	};
	objectVersion = 50;
	objects = {

/* Begin PBXBuildFile section */
		0A3D1184228EE82E00074387 /* SessionDelegate.m in Sources */ = {isa = PBXBuildFile; fileRef = 0A3D1182228EE82E00074387 /* SessionDelegate.m */; };
		0A3D1185228EE82E00074387 /* SessionDelegate.m in Sources */ = {isa = PBXBuildFile; fileRef = 0A3D1182228EE82E00074387 /* SessionDelegate.m */; };
		0A3D11892291A82400074387 /* AMapNaviInfo+ToDictionary.m in Sources */ = {isa = PBXBuildFile; fileRef = 0A3D11882291A82400074387 /* AMapNaviInfo+ToDictionary.m */; };
		0A3D118D2292594B00074387 /* AMapNaviGuide+ToDictionary.m in Sources */ = {isa = PBXBuildFile; fileRef = 0A3D118C2292594B00074387 /* AMapNaviGuide+ToDictionary.m */; };
		0A3D11982292AC2800074387 /* ViewController.m in Sources */ = {isa = PBXBuildFile; fileRef = 0A3D11972292AC2800074387 /* ViewController.m */; };
		0A57ED69228AB8F700A7A31C /* AppDelegate.m in Sources */ = {isa = PBXBuildFile; fileRef = 0A57ED68228AB8F700A7A31C /* AppDelegate.m */; };
		0A57ED71228AB8F800A7A31C /* Assets.xcassets in Resources */ = {isa = PBXBuildFile; fileRef = 0A57ED70228AB8F800A7A31C /* Assets.xcassets */; };
		0A57ED74228AB8F800A7A31C /* LaunchScreen.storyboard in Resources */ = {isa = PBXBuildFile; fileRef = 0A57ED72228AB8F800A7A31C /* LaunchScreen.storyboard */; };
		0A57ED77228AB8F800A7A31C /* main.m in Sources */ = {isa = PBXBuildFile; fileRef = 0A57ED76228AB8F800A7A31C /* main.m */; };
		0A57ED91228AB8F900A7A31C /* WatchDemoNavi WatchKit App.app in Embed Watch Content */ = {isa = PBXBuildFile; fileRef = 0A57ED90228AB8F900A7A31C /* WatchDemoNavi WatchKit App.app */; };
		0A57ED97228AB8F900A7A31C /* Interface.storyboard in Resources */ = {isa = PBXBuildFile; fileRef = 0A57ED95228AB8F900A7A31C /* Interface.storyboard */; };
		0A57ED99228AB8F900A7A31C /* Assets.xcassets in Resources */ = {isa = PBXBuildFile; fileRef = 0A57ED98228AB8F900A7A31C /* Assets.xcassets */; };
		0A57EDA0228AB8F900A7A31C /* WatchDemoNavi WatchKit Extension.appex in Embed App Extensions */ = {isa = PBXBuildFile; fileRef = 0A57ED9F228AB8F900A7A31C /* WatchDemoNavi WatchKit Extension.appex */; settings = {ATTRIBUTES = (RemoveHeadersOnCopy, ); }; };
		0A57EDA6228AB8F900A7A31C /* InterfaceController.m in Sources */ = {isa = PBXBuildFile; fileRef = 0A57EDA5228AB8F900A7A31C /* InterfaceController.m */; };
		0A57EDA9228AB8F900A7A31C /* ExtensionDelegate.m in Sources */ = {isa = PBXBuildFile; fileRef = 0A57EDA8228AB8F900A7A31C /* ExtensionDelegate.m */; };
		0A57EDAC228AB8F900A7A31C /* NotificationController.m in Sources */ = {isa = PBXBuildFile; fileRef = 0A57EDAB228AB8F900A7A31C /* NotificationController.m */; };
		0A57EDAE228AB8FA00A7A31C /* Assets.xcassets in Resources */ = {isa = PBXBuildFile; fileRef = 0A57EDAD228AB8FA00A7A31C /* Assets.xcassets */; };
		0A57EDDC228ABB9B00A7A31C /* TrafficStatusCircle.m in Sources */ = {isa = PBXBuildFile; fileRef = 0A57EDCD228ABB9A00A7A31C /* TrafficStatusCircle.m */; };
		0A57EDE0228ABB9B00A7A31C /* SpeechSynthesizer.m in Sources */ = {isa = PBXBuildFile; fileRef = 0A57EDDA228ABB9B00A7A31C /* SpeechSynthesizer.m */; };
		0A57EDE3228ABEA800A7A31C /* AddressBook.framework in Frameworks */ = {isa = PBXBuildFile; fileRef = 0A57EDE2228ABEA800A7A31C /* AddressBook.framework */; };
		0A57EDE5228ABEAF00A7A31C /* AVFoundation.framework in Frameworks */ = {isa = PBXBuildFile; fileRef = 0A57EDE4228ABEAF00A7A31C /* AVFoundation.framework */; };
		0A57EDE7228ABEBC00A7A31C /* AudioToolbox.framework in Frameworks */ = {isa = PBXBuildFile; fileRef = 0A57EDE6228ABEBC00A7A31C /* AudioToolbox.framework */; };
		0A57EDEB228ABECD00A7A31C /* SystemConfiguration.framework in Frameworks */ = {isa = PBXBuildFile; fileRef = 0A57EDEA228ABECD00A7A31C /* SystemConfiguration.framework */; };
		0A57EDED228ABEDC00A7A31C /* libc++.tbd in Frameworks */ = {isa = PBXBuildFile; fileRef = 0A57EDEC228ABEDC00A7A31C /* libc++.tbd */; };
		0A57EDEF228ABEE400A7A31C /* libz.tbd in Frameworks */ = {isa = PBXBuildFile; fileRef = 0A57EDEE228ABEE400A7A31C /* libz.tbd */; };
		0A57EDF1228ABEF100A7A31C /* libstdc++.6.0.9.tbd in Frameworks */ = {isa = PBXBuildFile; fileRef = 0A57EDF0228ABEF100A7A31C /* libstdc++.6.0.9.tbd */; };
		0A57EDF2228AC00F00A7A31C /* CoreTelephony.framework in Frameworks */ = {isa = PBXBuildFile; fileRef = 0A57EDE8228ABEC500A7A31C /* CoreTelephony.framework */; };
		0AAE22BA228D8387001FE5C1 /* GuideInterfaceController.m in Sources */ = {isa = PBXBuildFile; fileRef = 0AAE22B4228D8387001FE5C1 /* GuideInterfaceController.m */; };
		0AAE22BB228D8387001FE5C1 /* GuideTableRow.m in Sources */ = {isa = PBXBuildFile; fileRef = 0AAE22B7228D8387001FE5C1 /* GuideTableRow.m */; };
		0AAE22BC228D8387001FE5C1 /* RouteTrafficInterfaceController.m in Sources */ = {isa = PBXBuildFile; fileRef = 0AAE22B8228D8387001FE5C1 /* RouteTrafficInterfaceController.m */; };
		0AAE22BD228D8387001FE5C1 /* HUDInterfaceController.m in Sources */ = {isa = PBXBuildFile; fileRef = 0AAE22B9228D8387001FE5C1 /* HUDInterfaceController.m */; };
		6FBE842E134CB833458A6471 /* libPods-WatchDemoNavi.a in Frameworks */ = {isa = PBXBuildFile; fileRef = 2763FE65F95731DC616F1076 /* libPods-WatchDemoNavi.a */; };
/* End PBXBuildFile section */

/* Begin PBXContainerItemProxy section */
		0A57ED92228AB8F900A7A31C /* PBXContainerItemProxy */ = {
			isa = PBXContainerItemProxy;
			containerPortal = 0A57ED5C228AB8F700A7A31C /* Project object */;
			proxyType = 1;
			remoteGlobalIDString = 0A57ED8F228AB8F900A7A31C;
			remoteInfo = "WatchDemoNavi WatchKit App";
		};
		0A57EDA1228AB8F900A7A31C /* PBXContainerItemProxy */ = {
			isa = PBXContainerItemProxy;
			containerPortal = 0A57ED5C228AB8F700A7A31C /* Project object */;
			proxyType = 1;
			remoteGlobalIDString = 0A57ED9E228AB8F900A7A31C;
			remoteInfo = "WatchDemoNavi WatchKit Extension";
		};
/* End PBXContainerItemProxy section */

/* Begin PBXCopyFilesBuildPhase section */
		0A57EDB6228AB8FA00A7A31C /* Embed App Extensions */ = {
			isa = PBXCopyFilesBuildPhase;
			buildActionMask = 2147483647;
			dstPath = "";
			dstSubfolderSpec = 13;
			files = (
				0A57EDA0228AB8F900A7A31C /* WatchDemoNavi WatchKit Extension.appex in Embed App Extensions */,
			);
			name = "Embed App Extensions";
			runOnlyForDeploymentPostprocessing = 0;
		};
		0A57EDBA228AB8FA00A7A31C /* Embed Watch Content */ = {
			isa = PBXCopyFilesBuildPhase;
			buildActionMask = 2147483647;
			dstPath = "$(CONTENTS_FOLDER_PATH)/Watch";
			dstSubfolderSpec = 16;
			files = (
				0A57ED91228AB8F900A7A31C /* WatchDemoNavi WatchKit App.app in Embed Watch Content */,
			);
			name = "Embed Watch Content";
			runOnlyForDeploymentPostprocessing = 0;
		};
/* End PBXCopyFilesBuildPhase section */

/* Begin PBXFileReference section */
		012E58EA79CBC7612F128F4E /* Pods-WatchDemoNaviUITests.debug.xcconfig */ = {isa = PBXFileReference; includeInIndex = 1; lastKnownFileType = text.xcconfig; name = "Pods-WatchDemoNaviUITests.debug.xcconfig"; path = "Target Support Files/Pods-WatchDemoNaviUITests/Pods-WatchDemoNaviUITests.debug.xcconfig"; sourceTree = "<group>"; };
		081A37BEF20421278FD00BEE /* libPods-WatchDemoNaviUITests.a */ = {isa = PBXFileReference; explicitFileType = archive.ar; includeInIndex = 0; path = "libPods-WatchDemoNaviUITests.a"; sourceTree = BUILT_PRODUCTS_DIR; };
		0A3D1182228EE82E00074387 /* SessionDelegate.m */ = {isa = PBXFileReference; fileEncoding = 4; lastKnownFileType = sourcecode.c.objc; path = SessionDelegate.m; sourceTree = "<group>"; };
		0A3D1183228EE82E00074387 /* SessionDelegate.h */ = {isa = PBXFileReference; fileEncoding = 4; lastKnownFileType = sourcecode.c.h; path = SessionDelegate.h; sourceTree = "<group>"; };
		0A3D11872291A82400074387 /* AMapNaviInfo+ToDictionary.h */ = {isa = PBXFileReference; lastKnownFileType = sourcecode.c.h; path = "AMapNaviInfo+ToDictionary.h"; sourceTree = "<group>"; };
		0A3D11882291A82400074387 /* AMapNaviInfo+ToDictionary.m */ = {isa = PBXFileReference; lastKnownFileType = sourcecode.c.objc; path = "AMapNaviInfo+ToDictionary.m"; sourceTree = "<group>"; };
		0A3D118B2292594B00074387 /* AMapNaviGuide+ToDictionary.h */ = {isa = PBXFileReference; lastKnownFileType = sourcecode.c.h; path = "AMapNaviGuide+ToDictionary.h"; sourceTree = "<group>"; };
		0A3D118C2292594B00074387 /* AMapNaviGuide+ToDictionary.m */ = {isa = PBXFileReference; lastKnownFileType = sourcecode.c.objc; path = "AMapNaviGuide+ToDictionary.m"; sourceTree = "<group>"; };
		0A3D11962292AC2700074387 /* ViewController.h */ = {isa = PBXFileReference; fileEncoding = 4; lastKnownFileType = sourcecode.c.h; path = ViewController.h; sourceTree = "<group>"; };
		0A3D11972292AC2800074387 /* ViewController.m */ = {isa = PBXFileReference; fileEncoding = 4; lastKnownFileType = sourcecode.c.objc; path = ViewController.m; sourceTree = "<group>"; };
		0A57ED64228AB8F700A7A31C /* WatchDemoNavi.app */ = {isa = PBXFileReference; explicitFileType = wrapper.application; includeInIndex = 0; path = WatchDemoNavi.app; sourceTree = BUILT_PRODUCTS_DIR; };
		0A57ED67228AB8F700A7A31C /* AppDelegate.h */ = {isa = PBXFileReference; lastKnownFileType = sourcecode.c.h; path = AppDelegate.h; sourceTree = "<group>"; };
		0A57ED68228AB8F700A7A31C /* AppDelegate.m */ = {isa = PBXFileReference; lastKnownFileType = sourcecode.c.objc; path = AppDelegate.m; sourceTree = "<group>"; };
		0A57ED70228AB8F800A7A31C /* Assets.xcassets */ = {isa = PBXFileReference; lastKnownFileType = folder.assetcatalog; path = Assets.xcassets; sourceTree = "<group>"; };
		0A57ED73228AB8F800A7A31C /* Base */ = {isa = PBXFileReference; lastKnownFileType = file.storyboard; name = Base; path = Base.lproj/LaunchScreen.storyboard; sourceTree = "<group>"; };
		0A57ED75228AB8F800A7A31C /* Info.plist */ = {isa = PBXFileReference; lastKnownFileType = text.plist.xml; path = Info.plist; sourceTree = "<group>"; };
		0A57ED76228AB8F800A7A31C /* main.m */ = {isa = PBXFileReference; lastKnownFileType = sourcecode.c.objc; path = main.m; sourceTree = "<group>"; };
		0A57ED80228AB8F900A7A31C /* WatchDemoNaviTests.m */ = {isa = PBXFileReference; lastKnownFileType = sourcecode.c.objc; path = WatchDemoNaviTests.m; sourceTree = "<group>"; };
		0A57ED82228AB8F900A7A31C /* Info.plist */ = {isa = PBXFileReference; lastKnownFileType = text.plist.xml; path = Info.plist; sourceTree = "<group>"; };
		0A57ED8B228AB8F900A7A31C /* WatchDemoNaviUITests.m */ = {isa = PBXFileReference; lastKnownFileType = sourcecode.c.objc; path = WatchDemoNaviUITests.m; sourceTree = "<group>"; };
		0A57ED8D228AB8F900A7A31C /* Info.plist */ = {isa = PBXFileReference; lastKnownFileType = text.plist.xml; path = Info.plist; sourceTree = "<group>"; };
		0A57ED90228AB8F900A7A31C /* WatchDemoNavi WatchKit App.app */ = {isa = PBXFileReference; explicitFileType = wrapper.application; includeInIndex = 0; path = "WatchDemoNavi WatchKit App.app"; sourceTree = BUILT_PRODUCTS_DIR; };
		0A57ED96228AB8F900A7A31C /* Base */ = {isa = PBXFileReference; lastKnownFileType = file.storyboard; name = Base; path = Base.lproj/Interface.storyboard; sourceTree = "<group>"; };
		0A57ED98228AB8F900A7A31C /* Assets.xcassets */ = {isa = PBXFileReference; lastKnownFileType = folder.assetcatalog; path = Assets.xcassets; sourceTree = "<group>"; };
		0A57ED9A228AB8F900A7A31C /* Info.plist */ = {isa = PBXFileReference; lastKnownFileType = text.plist.xml; path = Info.plist; sourceTree = "<group>"; };
		0A57ED9F228AB8F900A7A31C /* WatchDemoNavi WatchKit Extension.appex */ = {isa = PBXFileReference; explicitFileType = "wrapper.app-extension"; includeInIndex = 0; path = "WatchDemoNavi WatchKit Extension.appex"; sourceTree = BUILT_PRODUCTS_DIR; };
		0A57EDA4228AB8F900A7A31C /* InterfaceController.h */ = {isa = PBXFileReference; lastKnownFileType = sourcecode.c.h; path = InterfaceController.h; sourceTree = "<group>"; };
		0A57EDA5228AB8F900A7A31C /* InterfaceController.m */ = {isa = PBXFileReference; lastKnownFileType = sourcecode.c.objc; path = InterfaceController.m; sourceTree = "<group>"; };
		0A57EDA7228AB8F900A7A31C /* ExtensionDelegate.h */ = {isa = PBXFileReference; lastKnownFileType = sourcecode.c.h; path = ExtensionDelegate.h; sourceTree = "<group>"; };
		0A57EDA8228AB8F900A7A31C /* ExtensionDelegate.m */ = {isa = PBXFileReference; lastKnownFileType = sourcecode.c.objc; path = ExtensionDelegate.m; sourceTree = "<group>"; };
		0A57EDAA228AB8F900A7A31C /* NotificationController.h */ = {isa = PBXFileReference; lastKnownFileType = sourcecode.c.h; path = NotificationController.h; sourceTree = "<group>"; };
		0A57EDAB228AB8F900A7A31C /* NotificationController.m */ = {isa = PBXFileReference; lastKnownFileType = sourcecode.c.objc; path = NotificationController.m; sourceTree = "<group>"; };
		0A57EDAD228AB8FA00A7A31C /* Assets.xcassets */ = {isa = PBXFileReference; lastKnownFileType = folder.assetcatalog; path = Assets.xcassets; sourceTree = "<group>"; };
		0A57EDAF228AB8FA00A7A31C /* Info.plist */ = {isa = PBXFileReference; lastKnownFileType = text.plist.xml; path = Info.plist; sourceTree = "<group>"; };
		0A57EDB0228AB8FA00A7A31C /* PushNotificationPayload.apns */ = {isa = PBXFileReference; lastKnownFileType = text; path = PushNotificationPayload.apns; sourceTree = "<group>"; };
		0A57EDCD228ABB9A00A7A31C /* TrafficStatusCircle.m */ = {isa = PBXFileReference; fileEncoding = 4; lastKnownFileType = sourcecode.c.objc; path = TrafficStatusCircle.m; sourceTree = "<group>"; };
		0A57EDCF228ABB9A00A7A31C /* TrafficStatusCircle.h */ = {isa = PBXFileReference; fileEncoding = 4; lastKnownFileType = sourcecode.c.h; path = TrafficStatusCircle.h; sourceTree = "<group>"; };
		0A57EDD1228ABB9A00A7A31C /* CommonDefine.h */ = {isa = PBXFileReference; fileEncoding = 4; lastKnownFileType = sourcecode.c.h; path = CommonDefine.h; sourceTree = "<group>"; };
		0A57EDD3228ABB9B00A7A31C /* APIKey.h */ = {isa = PBXFileReference; fileEncoding = 4; lastKnownFileType = sourcecode.c.h; path = APIKey.h; sourceTree = "<group>"; };
		0A57EDDA228ABB9B00A7A31C /* SpeechSynthesizer.m */ = {isa = PBXFileReference; fileEncoding = 4; lastKnownFileType = sourcecode.c.objc; path = SpeechSynthesizer.m; sourceTree = "<group>"; };
		0A57EDDB228ABB9B00A7A31C /* SpeechSynthesizer.h */ = {isa = PBXFileReference; fileEncoding = 4; lastKnownFileType = sourcecode.c.h; path = SpeechSynthesizer.h; sourceTree = "<group>"; };
		0A57EDE2228ABEA800A7A31C /* AddressBook.framework */ = {isa = PBXFileReference; lastKnownFileType = wrapper.framework; name = AddressBook.framework; path = System/Library/Frameworks/AddressBook.framework; sourceTree = SDKROOT; };
		0A57EDE4228ABEAF00A7A31C /* AVFoundation.framework */ = {isa = PBXFileReference; lastKnownFileType = wrapper.framework; name = AVFoundation.framework; path = System/Library/Frameworks/AVFoundation.framework; sourceTree = SDKROOT; };
		0A57EDE6228ABEBC00A7A31C /* AudioToolbox.framework */ = {isa = PBXFileReference; lastKnownFileType = wrapper.framework; name = AudioToolbox.framework; path = System/Library/Frameworks/AudioToolbox.framework; sourceTree = SDKROOT; };
		0A57EDE8228ABEC500A7A31C /* CoreTelephony.framework */ = {isa = PBXFileReference; lastKnownFileType = wrapper.framework; name = CoreTelephony.framework; path = System/Library/Frameworks/CoreTelephony.framework; sourceTree = SDKROOT; };
		0A57EDEA228ABECD00A7A31C /* SystemConfiguration.framework */ = {isa = PBXFileReference; lastKnownFileType = wrapper.framework; name = SystemConfiguration.framework; path = System/Library/Frameworks/SystemConfiguration.framework; sourceTree = SDKROOT; };
		0A57EDEC228ABEDC00A7A31C /* libc++.tbd */ = {isa = PBXFileReference; lastKnownFileType = "sourcecode.text-based-dylib-definition"; name = "libc++.tbd"; path = "usr/lib/libc++.tbd"; sourceTree = SDKROOT; };
		0A57EDEE228ABEE400A7A31C /* libz.tbd */ = {isa = PBXFileReference; lastKnownFileType = "sourcecode.text-based-dylib-definition"; name = libz.tbd; path = usr/lib/libz.tbd; sourceTree = SDKROOT; };
		0A57EDF0228ABEF100A7A31C /* libstdc++.6.0.9.tbd */ = {isa = PBXFileReference; lastKnownFileType = "sourcecode.text-based-dylib-definition"; name = "libstdc++.6.0.9.tbd"; path = "usr/lib/libstdc++.6.0.9.tbd"; sourceTree = SDKROOT; };
		0A57EDF3228AC6E600A7A31C /* WatchDemoNavi.entitlements */ = {isa = PBXFileReference; lastKnownFileType = text.plist.entitlements; path = WatchDemoNavi.entitlements; sourceTree = "<group>"; };
		0A57EDF4228AC75100A7A31C /* WatchDemoNavi WatchKit Extension.entitlements */ = {isa = PBXFileReference; lastKnownFileType = text.plist.entitlements; path = "WatchDemoNavi WatchKit Extension.entitlements"; sourceTree = "<group>"; };
		0AAE22B2228D8386001FE5C1 /* GuideInterfaceController.h */ = {isa = PBXFileReference; fileEncoding = 4; lastKnownFileType = sourcecode.c.h; path = GuideInterfaceController.h; sourceTree = "<group>"; };
		0AAE22B3228D8386001FE5C1 /* GuideTableRow.h */ = {isa = PBXFileReference; fileEncoding = 4; lastKnownFileType = sourcecode.c.h; path = GuideTableRow.h; sourceTree = "<group>"; };
		0AAE22B4228D8387001FE5C1 /* GuideInterfaceController.m */ = {isa = PBXFileReference; fileEncoding = 4; lastKnownFileType = sourcecode.c.objc; path = GuideInterfaceController.m; sourceTree = "<group>"; };
		0AAE22B5228D8387001FE5C1 /* HUDInterfaceController.h */ = {isa = PBXFileReference; fileEncoding = 4; lastKnownFileType = sourcecode.c.h; path = HUDInterfaceController.h; sourceTree = "<group>"; };
		0AAE22B6228D8387001FE5C1 /* RouteTrafficInterfaceController.h */ = {isa = PBXFileReference; fileEncoding = 4; lastKnownFileType = sourcecode.c.h; path = RouteTrafficInterfaceController.h; sourceTree = "<group>"; };
		0AAE22B7228D8387001FE5C1 /* GuideTableRow.m */ = {isa = PBXFileReference; fileEncoding = 4; lastKnownFileType = sourcecode.c.objc; path = GuideTableRow.m; sourceTree = "<group>"; };
		0AAE22B8228D8387001FE5C1 /* RouteTrafficInterfaceController.m */ = {isa = PBXFileReference; fileEncoding = 4; lastKnownFileType = sourcecode.c.objc; path = RouteTrafficInterfaceController.m; sourceTree = "<group>"; };
		0AAE22B9228D8387001FE5C1 /* HUDInterfaceController.m */ = {isa = PBXFileReference; fileEncoding = 4; lastKnownFileType = sourcecode.c.objc; path = HUDInterfaceController.m; sourceTree = "<group>"; };
		0AAE22BE228DA605001FE5C1 /* CoreLocation.framework */ = {isa = PBXFileReference; lastKnownFileType = wrapper.framework; name = CoreLocation.framework; path = Platforms/WatchOS.platform/Developer/SDKs/WatchOS5.2.sdk/System/Library/Frameworks/CoreLocation.framework; sourceTree = DEVELOPER_DIR; };
		0AAE22C0228DA639001FE5C1 /* CoreGraphics.framework */ = {isa = PBXFileReference; lastKnownFileType = wrapper.framework; name = CoreGraphics.framework; path = Platforms/WatchOS.platform/Developer/SDKs/WatchOS5.2.sdk/System/Library/Frameworks/CoreGraphics.framework; sourceTree = DEVELOPER_DIR; };
		1136CFA4F16392C670DD9EA6 /* Pods-WatchDemoNavi WatchKit App.release.xcconfig */ = {isa = PBXFileReference; includeInIndex = 1; lastKnownFileType = text.xcconfig; name = "Pods-WatchDemoNavi WatchKit App.release.xcconfig"; path = "Target Support Files/Pods-WatchDemoNavi WatchKit App/Pods-WatchDemoNavi WatchKit App.release.xcconfig"; sourceTree = "<group>"; };
		2763FE65F95731DC616F1076 /* libPods-WatchDemoNavi.a */ = {isa = PBXFileReference; explicitFileType = archive.ar; includeInIndex = 0; path = "libPods-WatchDemoNavi.a"; sourceTree = BUILT_PRODUCTS_DIR; };
		33873A219B2F32B727007C03 /* Pods-WatchDemoNaviUITests.release.xcconfig */ = {isa = PBXFileReference; includeInIndex = 1; lastKnownFileType = text.xcconfig; name = "Pods-WatchDemoNaviUITests.release.xcconfig"; path = "Target Support Files/Pods-WatchDemoNaviUITests/Pods-WatchDemoNaviUITests.release.xcconfig"; sourceTree = "<group>"; };
		4BA7A174182C24C7BFE791DD /* Pods-WatchDemoNaviTests.debug.xcconfig */ = {isa = PBXFileReference; includeInIndex = 1; lastKnownFileType = text.xcconfig; name = "Pods-WatchDemoNaviTests.debug.xcconfig"; path = "Target Support Files/Pods-WatchDemoNaviTests/Pods-WatchDemoNaviTests.debug.xcconfig"; sourceTree = "<group>"; };
		6F071DE87A4F0D40875C9F4A /* Pods-WatchDemoNavi WatchKit Extension.debug.xcconfig */ = {isa = PBXFileReference; includeInIndex = 1; lastKnownFileType = text.xcconfig; name = "Pods-WatchDemoNavi WatchKit Extension.debug.xcconfig"; path = "Target Support Files/Pods-WatchDemoNavi WatchKit Extension/Pods-WatchDemoNavi WatchKit Extension.debug.xcconfig"; sourceTree = "<group>"; };
		846F7FC12371984081006C23 /* Pods-WatchDemoNaviTests.release.xcconfig */ = {isa = PBXFileReference; includeInIndex = 1; lastKnownFileType = text.xcconfig; name = "Pods-WatchDemoNaviTests.release.xcconfig"; path = "Target Support Files/Pods-WatchDemoNaviTests/Pods-WatchDemoNaviTests.release.xcconfig"; sourceTree = "<group>"; };
		97C460176E6258536B2DABFA /* libPods-WatchDemoNavi WatchKit App.a */ = {isa = PBXFileReference; explicitFileType = archive.ar; includeInIndex = 0; path = "libPods-WatchDemoNavi WatchKit App.a"; sourceTree = BUILT_PRODUCTS_DIR; };
		A16AA093FD9D4A708E0F1BC0 /* Pods-WatchDemoNavi.release.xcconfig */ = {isa = PBXFileReference; includeInIndex = 1; lastKnownFileType = text.xcconfig; name = "Pods-WatchDemoNavi.release.xcconfig"; path = "Target Support Files/Pods-WatchDemoNavi/Pods-WatchDemoNavi.release.xcconfig"; sourceTree = "<group>"; };
		A5272DE79805C7F90F5FA871 /* Pods-WatchDemoNavi.debug.xcconfig */ = {isa = PBXFileReference; includeInIndex = 1; lastKnownFileType = text.xcconfig; name = "Pods-WatchDemoNavi.debug.xcconfig"; path = "Target Support Files/Pods-WatchDemoNavi/Pods-WatchDemoNavi.debug.xcconfig"; sourceTree = "<group>"; };
		AB8B96C2EB0FB6555F24271A /* Pods-WatchDemoNavi WatchKit App.debug.xcconfig */ = {isa = PBXFileReference; includeInIndex = 1; lastKnownFileType = text.xcconfig; name = "Pods-WatchDemoNavi WatchKit App.debug.xcconfig"; path = "Target Support Files/Pods-WatchDemoNavi WatchKit App/Pods-WatchDemoNavi WatchKit App.debug.xcconfig"; sourceTree = "<group>"; };
		D6C52A8476C9C9700FA35D0F /* libPods-WatchDemoNaviTests.a */ = {isa = PBXFileReference; explicitFileType = archive.ar; includeInIndex = 0; path = "libPods-WatchDemoNaviTests.a"; sourceTree = BUILT_PRODUCTS_DIR; };
		D94821EAE084CB6FFE54ADEA /* Pods-WatchDemoNavi WatchKit Extension.release.xcconfig */ = {isa = PBXFileReference; includeInIndex = 1; lastKnownFileType = text.xcconfig; name = "Pods-WatchDemoNavi WatchKit Extension.release.xcconfig"; path = "Target Support Files/Pods-WatchDemoNavi WatchKit Extension/Pods-WatchDemoNavi WatchKit Extension.release.xcconfig"; sourceTree = "<group>"; };
		FD0DE098F1A71A0D971CCFF8 /* libPods-WatchDemoNavi WatchKit Extension.a */ = {isa = PBXFileReference; explicitFileType = archive.ar; includeInIndex = 0; path = "libPods-WatchDemoNavi WatchKit Extension.a"; sourceTree = BUILT_PRODUCTS_DIR; };
/* End PBXFileReference section */

/* Begin PBXFrameworksBuildPhase section */
		03FB102CE383D6EAC099BBF5 /* Frameworks */ = {
			isa = PBXFrameworksBuildPhase;
			buildActionMask = 2147483647;
			files = (
			);
			runOnlyForDeploymentPostprocessing = 0;
		};
		0A57ED61228AB8F700A7A31C /* Frameworks */ = {
			isa = PBXFrameworksBuildPhase;
			buildActionMask = 2147483647;
			files = (
				0A57EDF2228AC00F00A7A31C /* CoreTelephony.framework in Frameworks */,
				0A57EDF1228ABEF100A7A31C /* libstdc++.6.0.9.tbd in Frameworks */,
				0A57EDEF228ABEE400A7A31C /* libz.tbd in Frameworks */,
				0A57EDED228ABEDC00A7A31C /* libc++.tbd in Frameworks */,
				0A57EDEB228ABECD00A7A31C /* SystemConfiguration.framework in Frameworks */,
				0A57EDE7228ABEBC00A7A31C /* AudioToolbox.framework in Frameworks */,
				0A57EDE5228ABEAF00A7A31C /* AVFoundation.framework in Frameworks */,
				0A57EDE3228ABEA800A7A31C /* AddressBook.framework in Frameworks */,
				6FBE842E134CB833458A6471 /* libPods-WatchDemoNavi.a in Frameworks */,
			);
			runOnlyForDeploymentPostprocessing = 0;
		};
		0A57ED9C228AB8F900A7A31C /* Frameworks */ = {
			isa = PBXFrameworksBuildPhase;
			buildActionMask = 2147483647;
			files = (
			);
			runOnlyForDeploymentPostprocessing = 0;
		};
/* End PBXFrameworksBuildPhase section */

/* Begin PBXGroup section */
		0A3D1181228EE82E00074387 /* Share */ = {
			isa = PBXGroup;
			children = (
				0A3D1183228EE82E00074387 /* SessionDelegate.h */,
				0A3D1182228EE82E00074387 /* SessionDelegate.m */,
				0A3D11872291A82400074387 /* AMapNaviInfo+ToDictionary.h */,
				0A3D11882291A82400074387 /* AMapNaviInfo+ToDictionary.m */,
				0A3D118B2292594B00074387 /* AMapNaviGuide+ToDictionary.h */,
				0A3D118C2292594B00074387 /* AMapNaviGuide+ToDictionary.m */,
			);
			path = Share;
			sourceTree = "<group>";
		};
		0A3D11992292AC3200074387 /* Controllers */ = {
			isa = PBXGroup;
			children = (
				0A3D11962292AC2700074387 /* ViewController.h */,
				0A3D11972292AC2800074387 /* ViewController.m */,
			);
			path = Controllers;
			sourceTree = "<group>";
		};
		0A57ED5B228AB8F700A7A31C = {
			isa = PBXGroup;
			children = (
				0A3D1181228EE82E00074387 /* Share */,
				0A57ED66228AB8F700A7A31C /* WatchDemoNavi */,
				0A57ED7F228AB8F900A7A31C /* WatchDemoNaviTests */,
				0A57ED8A228AB8F900A7A31C /* WatchDemoNaviUITests */,
				0A57ED94228AB8F900A7A31C /* WatchDemoNavi WatchKit App */,
				0A57EDA3228AB8F900A7A31C /* WatchDemoNavi WatchKit Extension */,
				0A57ED65228AB8F700A7A31C /* Products */,
				4D6C5F2E6B9D45B47A542447 /* Pods */,
				96905B5EC2BEAE74AE5DC7C0 /* Frameworks */,
			);
			sourceTree = "<group>";
		};
		0A57ED65228AB8F700A7A31C /* Products */ = {
			isa = PBXGroup;
			children = (
				0A57ED64228AB8F700A7A31C /* WatchDemoNavi.app */,
				0A57ED90228AB8F900A7A31C /* WatchDemoNavi WatchKit App.app */,
				0A57ED9F228AB8F900A7A31C /* WatchDemoNavi WatchKit Extension.appex */,
			);
			name = Products;
			sourceTree = "<group>";
		};
		0A57ED66228AB8F700A7A31C /* WatchDemoNavi */ = {
			isa = PBXGroup;
			children = (
				0A3D11992292AC3200074387 /* Controllers */,
				0A57EDF3228AC6E600A7A31C /* WatchDemoNavi.entitlements */,
				0A57ED67228AB8F700A7A31C /* AppDelegate.h */,
				0A57ED68228AB8F700A7A31C /* AppDelegate.m */,
				0A57EDD2228ABB9B00A7A31C /* Configuration */,
				0A57EDCC228ABB9A00A7A31C /* Model */,
				0A57EDD9228ABB9B00A7A31C /* SpeechSynthesizer */,
				0A57ED70228AB8F800A7A31C /* Assets.xcassets */,
				0A57ED72228AB8F800A7A31C /* LaunchScreen.storyboard */,
				0A57ED75228AB8F800A7A31C /* Info.plist */,
				0A57ED76228AB8F800A7A31C /* main.m */,
			);
			path = WatchDemoNavi;
			sourceTree = "<group>";
		};
		0A57ED7F228AB8F900A7A31C /* WatchDemoNaviTests */ = {
			isa = PBXGroup;
			children = (
				0A57ED80228AB8F900A7A31C /* WatchDemoNaviTests.m */,
				0A57ED82228AB8F900A7A31C /* Info.plist */,
			);
			path = WatchDemoNaviTests;
			sourceTree = "<group>";
		};
		0A57ED8A228AB8F900A7A31C /* WatchDemoNaviUITests */ = {
			isa = PBXGroup;
			children = (
				0A57ED8B228AB8F900A7A31C /* WatchDemoNaviUITests.m */,
				0A57ED8D228AB8F900A7A31C /* Info.plist */,
			);
			path = WatchDemoNaviUITests;
			sourceTree = "<group>";
		};
		0A57ED94228AB8F900A7A31C /* WatchDemoNavi WatchKit App */ = {
			isa = PBXGroup;
			children = (
				0A57ED95228AB8F900A7A31C /* Interface.storyboard */,
				0A57ED98228AB8F900A7A31C /* Assets.xcassets */,
				0A57ED9A228AB8F900A7A31C /* Info.plist */,
			);
			path = "WatchDemoNavi WatchKit App";
			sourceTree = "<group>";
		};
		0A57EDA3228AB8F900A7A31C /* WatchDemoNavi WatchKit Extension */ = {
			isa = PBXGroup;
			children = (
				0A57EDF4228AC75100A7A31C /* WatchDemoNavi WatchKit Extension.entitlements */,
				0AAE22B2228D8386001FE5C1 /* GuideInterfaceController.h */,
				0AAE22B4228D8387001FE5C1 /* GuideInterfaceController.m */,
				0AAE22B3228D8386001FE5C1 /* GuideTableRow.h */,
				0AAE22B7228D8387001FE5C1 /* GuideTableRow.m */,
				0AAE22B5228D8387001FE5C1 /* HUDInterfaceController.h */,
				0AAE22B9228D8387001FE5C1 /* HUDInterfaceController.m */,
				0AAE22B6228D8387001FE5C1 /* RouteTrafficInterfaceController.h */,
				0AAE22B8228D8387001FE5C1 /* RouteTrafficInterfaceController.m */,
				0A57EDA4228AB8F900A7A31C /* InterfaceController.h */,
				0A57EDA5228AB8F900A7A31C /* InterfaceController.m */,
				0A57EDA7228AB8F900A7A31C /* ExtensionDelegate.h */,
				0A57EDA8228AB8F900A7A31C /* ExtensionDelegate.m */,
				0A57EDAA228AB8F900A7A31C /* NotificationController.h */,
				0A57EDAB228AB8F900A7A31C /* NotificationController.m */,
				0A57EDAD228AB8FA00A7A31C /* Assets.xcassets */,
				0A57EDAF228AB8FA00A7A31C /* Info.plist */,
				0A57EDB0228AB8FA00A7A31C /* PushNotificationPayload.apns */,
			);
			path = "WatchDemoNavi WatchKit Extension";
			sourceTree = "<group>";
		};
		0A57EDCC228ABB9A00A7A31C /* Model */ = {
			isa = PBXGroup;
			children = (
				0A57EDCD228ABB9A00A7A31C /* TrafficStatusCircle.m */,
				0A57EDCF228ABB9A00A7A31C /* TrafficStatusCircle.h */,
				0A57EDD1228ABB9A00A7A31C /* CommonDefine.h */,
			);
			path = Model;
			sourceTree = "<group>";
		};
		0A57EDD2228ABB9B00A7A31C /* Configuration */ = {
			isa = PBXGroup;
			children = (
				0A57EDD3228ABB9B00A7A31C /* APIKey.h */,
			);
			path = Configuration;
			sourceTree = "<group>";
		};
		0A57EDD9228ABB9B00A7A31C /* SpeechSynthesizer */ = {
			isa = PBXGroup;
			children = (
				0A57EDDB228ABB9B00A7A31C /* SpeechSynthesizer.h */,
				0A57EDDA228ABB9B00A7A31C /* SpeechSynthesizer.m */,
			);
			path = SpeechSynthesizer;
			sourceTree = "<group>";
		};
		4D6C5F2E6B9D45B47A542447 /* Pods */ = {
			isa = PBXGroup;
			children = (
				A5272DE79805C7F90F5FA871 /* Pods-WatchDemoNavi.debug.xcconfig */,
				A16AA093FD9D4A708E0F1BC0 /* Pods-WatchDemoNavi.release.xcconfig */,
				AB8B96C2EB0FB6555F24271A /* Pods-WatchDemoNavi WatchKit App.debug.xcconfig */,
				1136CFA4F16392C670DD9EA6 /* Pods-WatchDemoNavi WatchKit App.release.xcconfig */,
				6F071DE87A4F0D40875C9F4A /* Pods-WatchDemoNavi WatchKit Extension.debug.xcconfig */,
				D94821EAE084CB6FFE54ADEA /* Pods-WatchDemoNavi WatchKit Extension.release.xcconfig */,
				4BA7A174182C24C7BFE791DD /* Pods-WatchDemoNaviTests.debug.xcconfig */,
				846F7FC12371984081006C23 /* Pods-WatchDemoNaviTests.release.xcconfig */,
				012E58EA79CBC7612F128F4E /* Pods-WatchDemoNaviUITests.debug.xcconfig */,
				33873A219B2F32B727007C03 /* Pods-WatchDemoNaviUITests.release.xcconfig */,
			);
			path = Pods;
			sourceTree = "<group>";
		};
		96905B5EC2BEAE74AE5DC7C0 /* Frameworks */ = {
			isa = PBXGroup;
			children = (
				0AAE22C0228DA639001FE5C1 /* CoreGraphics.framework */,
				0AAE22BE228DA605001FE5C1 /* CoreLocation.framework */,
				0A57EDF0228ABEF100A7A31C /* libstdc++.6.0.9.tbd */,
				0A57EDEE228ABEE400A7A31C /* libz.tbd */,
				0A57EDEC228ABEDC00A7A31C /* libc++.tbd */,
				0A57EDEA228ABECD00A7A31C /* SystemConfiguration.framework */,
				0A57EDE8228ABEC500A7A31C /* CoreTelephony.framework */,
				0A57EDE6228ABEBC00A7A31C /* AudioToolbox.framework */,
				0A57EDE4228ABEAF00A7A31C /* AVFoundation.framework */,
				0A57EDE2228ABEA800A7A31C /* AddressBook.framework */,
				2763FE65F95731DC616F1076 /* libPods-WatchDemoNavi.a */,
				97C460176E6258536B2DABFA /* libPods-WatchDemoNavi WatchKit App.a */,
				FD0DE098F1A71A0D971CCFF8 /* libPods-WatchDemoNavi WatchKit Extension.a */,
				D6C52A8476C9C9700FA35D0F /* libPods-WatchDemoNaviTests.a */,
				081A37BEF20421278FD00BEE /* libPods-WatchDemoNaviUITests.a */,
			);
			name = Frameworks;
			sourceTree = "<group>";
		};
/* End PBXGroup section */

/* Begin PBXNativeTarget section */
		0A57ED63228AB8F700A7A31C /* WatchDemoNavi */ = {
			isa = PBXNativeTarget;
			buildConfigurationList = 0A57EDBB228AB8FA00A7A31C /* Build configuration list for PBXNativeTarget "WatchDemoNavi" */;
			buildPhases = (
				5473E872FBD38D690B8A4E99 /* [CP] Check Pods Manifest.lock */,
				0A57ED60228AB8F700A7A31C /* Sources */,
				0A57ED61228AB8F700A7A31C /* Frameworks */,
				0A57ED62228AB8F700A7A31C /* Resources */,
				0A57EDBA228AB8FA00A7A31C /* Embed Watch Content */,
				A2B74EBD9741380BEC44CDF9 /* [CP] Copy Pods Resources */,
			);
			buildRules = (
			);
			dependencies = (
				0A57ED93228AB8F900A7A31C /* PBXTargetDependency */,
			);
			name = WatchDemoNavi;
			productName = WatchDemoNavi;
			productReference = 0A57ED64228AB8F700A7A31C /* WatchDemoNavi.app */;
			productType = "com.apple.product-type.application";
		};
		0A57ED8F228AB8F900A7A31C /* WatchDemoNavi WatchKit App */ = {
			isa = PBXNativeTarget;
			buildConfigurationList = 0A57EDB7228AB8FA00A7A31C /* Build configuration list for PBXNativeTarget "WatchDemoNavi WatchKit App" */;
			buildPhases = (
				8EC9FCF115ED6EA8ABB4DBE4 /* [CP] Check Pods Manifest.lock */,
				0A57ED8E228AB8F900A7A31C /* Resources */,
				0A57EDB6228AB8FA00A7A31C /* Embed App Extensions */,
				03FB102CE383D6EAC099BBF5 /* Frameworks */,
			);
			buildRules = (
			);
			dependencies = (
				0A57EDA2228AB8F900A7A31C /* PBXTargetDependency */,
			);
			name = "WatchDemoNavi WatchKit App";
			productName = "WatchDemoNavi WatchKit App";
			productReference = 0A57ED90228AB8F900A7A31C /* WatchDemoNavi WatchKit App.app */;
			productType = "com.apple.product-type.application.watchapp2";
		};
		0A57ED9E228AB8F900A7A31C /* WatchDemoNavi WatchKit Extension */ = {
			isa = PBXNativeTarget;
			buildConfigurationList = 0A57EDB3228AB8FA00A7A31C /* Build configuration list for PBXNativeTarget "WatchDemoNavi WatchKit Extension" */;
			buildPhases = (
				EA02DDAEE311D68C7336C084 /* [CP] Check Pods Manifest.lock */,
				0A57ED9B228AB8F900A7A31C /* Sources */,
				0A57ED9C228AB8F900A7A31C /* Frameworks */,
				0A57ED9D228AB8F900A7A31C /* Resources */,
			);
			buildRules = (
			);
			dependencies = (
			);
			name = "WatchDemoNavi WatchKit Extension";
			productName = "WatchDemoNavi WatchKit Extension";
			productReference = 0A57ED9F228AB8F900A7A31C /* WatchDemoNavi WatchKit Extension.appex */;
			productType = "com.apple.product-type.watchkit2-extension";
		};
/* End PBXNativeTarget section */

/* Begin PBXProject section */
		0A57ED5C228AB8F700A7A31C /* Project object */ = {
			isa = PBXProject;
			attributes = {
				LastUpgradeCheck = 1020;
				ORGANIZATIONNAME = lly;
				TargetAttributes = {
					0A57ED63228AB8F700A7A31C = {
						CreatedOnToolsVersion = 10.2.1;
						SystemCapabilities = {
							com.apple.ApplicationGroups.iOS = {
								enabled = 1;
							};
						};
					};
					0A57ED8F228AB8F900A7A31C = {
						CreatedOnToolsVersion = 10.2.1;
					};
					0A57ED9E228AB8F900A7A31C = {
						CreatedOnToolsVersion = 10.2.1;
						SystemCapabilities = {
							com.apple.ApplicationGroups.iOS = {
								enabled = 1;
							};
						};
					};
				};
			};
			buildConfigurationList = 0A57ED5F228AB8F700A7A31C /* Build configuration list for PBXProject "WatchDemoNavi" */;
			compatibilityVersion = "Xcode 9.3";
			developmentRegion = en;
			hasScannedForEncodings = 0;
			knownRegions = (
				en,
				Base,
			);
			mainGroup = 0A57ED5B228AB8F700A7A31C;
			productRefGroup = 0A57ED65228AB8F700A7A31C /* Products */;
			projectDirPath = "";
			projectRoot = "";
			targets = (
				0A57ED63228AB8F700A7A31C /* WatchDemoNavi */,
				0A57ED8F228AB8F900A7A31C /* WatchDemoNavi WatchKit App */,
				0A57ED9E228AB8F900A7A31C /* WatchDemoNavi WatchKit Extension */,
			);
		};
/* End PBXProject section */

/* Begin PBXResourcesBuildPhase section */
		0A57ED62228AB8F700A7A31C /* Resources */ = {
			isa = PBXResourcesBuildPhase;
			buildActionMask = 2147483647;
			files = (
				0A57ED74228AB8F800A7A31C /* LaunchScreen.storyboard in Resources */,
				0A57ED71228AB8F800A7A31C /* Assets.xcassets in Resources */,
			);
			runOnlyForDeploymentPostprocessing = 0;
		};
		0A57ED8E228AB8F900A7A31C /* Resources */ = {
			isa = PBXResourcesBuildPhase;
			buildActionMask = 2147483647;
			files = (
				0A57ED99228AB8F900A7A31C /* Assets.xcassets in Resources */,
				0A57ED97228AB8F900A7A31C /* Interface.storyboard in Resources */,
			);
			runOnlyForDeploymentPostprocessing = 0;
		};
		0A57ED9D228AB8F900A7A31C /* Resources */ = {
			isa = PBXResourcesBuildPhase;
			buildActionMask = 2147483647;
			files = (
				0A57EDAE228AB8FA00A7A31C /* Assets.xcassets in Resources */,
			);
			runOnlyForDeploymentPostprocessing = 0;
		};
/* End PBXResourcesBuildPhase section */

/* Begin PBXShellScriptBuildPhase section */
		5473E872FBD38D690B8A4E99 /* [CP] Check Pods Manifest.lock */ = {
			isa = PBXShellScriptBuildPhase;
			buildActionMask = 2147483647;
			files = (
			);
			inputFileListPaths = (
			);
			inputPaths = (
				"${PODS_PODFILE_DIR_PATH}/Podfile.lock",
				"${PODS_ROOT}/Manifest.lock",
			);
			name = "[CP] Check Pods Manifest.lock";
			outputFileListPaths = (
			);
			outputPaths = (
				"$(DERIVED_FILE_DIR)/Pods-WatchDemoNavi-checkManifestLockResult.txt",
			);
			runOnlyForDeploymentPostprocessing = 0;
			shellPath = /bin/sh;
			shellScript = "diff \"${PODS_PODFILE_DIR_PATH}/Podfile.lock\" \"${PODS_ROOT}/Manifest.lock\" > /dev/null\nif [ $? != 0 ] ; then\n    # print error to STDERR\n    echo \"error: The sandbox is not in sync with the Podfile.lock. Run 'pod install' or update your CocoaPods installation.\" >&2\n    exit 1\nfi\n# This output is used by Xcode 'outputs' to avoid re-running this script phase.\necho \"SUCCESS\" > \"${SCRIPT_OUTPUT_FILE_0}\"\n";
			showEnvVarsInLog = 0;
		};
		8EC9FCF115ED6EA8ABB4DBE4 /* [CP] Check Pods Manifest.lock */ = {
			isa = PBXShellScriptBuildPhase;
			buildActionMask = 2147483647;
			files = (
			);
			inputFileListPaths = (
			);
			inputPaths = (
				"${PODS_PODFILE_DIR_PATH}/Podfile.lock",
				"${PODS_ROOT}/Manifest.lock",
			);
			name = "[CP] Check Pods Manifest.lock";
			outputFileListPaths = (
			);
			outputPaths = (
				"$(DERIVED_FILE_DIR)/Pods-WatchDemoNavi WatchKit App-checkManifestLockResult.txt",
			);
			runOnlyForDeploymentPostprocessing = 0;
			shellPath = /bin/sh;
			shellScript = "diff \"${PODS_PODFILE_DIR_PATH}/Podfile.lock\" \"${PODS_ROOT}/Manifest.lock\" > /dev/null\nif [ $? != 0 ] ; then\n    # print error to STDERR\n    echo \"error: The sandbox is not in sync with the Podfile.lock. Run 'pod install' or update your CocoaPods installation.\" >&2\n    exit 1\nfi\n# This output is used by Xcode 'outputs' to avoid re-running this script phase.\necho \"SUCCESS\" > \"${SCRIPT_OUTPUT_FILE_0}\"\n";
			showEnvVarsInLog = 0;
		};
		A2B74EBD9741380BEC44CDF9 /* [CP] Copy Pods Resources */ = {
			isa = PBXShellScriptBuildPhase;
			buildActionMask = 2147483647;
			files = (
			);
			inputFileListPaths = (
			);
			inputPaths = (
				"${PODS_ROOT}/Target Support Files/Pods-WatchDemoNavi/Pods-WatchDemoNavi-resources.sh",
				"${PODS_ROOT}/AMap3DMap/MAMapKit.framework/AMap.bundle",
				"${PODS_ROOT}/AMapNavi/AMapNaviKit.framework/AMapNavi.bundle",
			);
			name = "[CP] Copy Pods Resources";
			outputFileListPaths = (
			);
			outputPaths = (
				"${TARGET_BUILD_DIR}/${UNLOCALIZED_RESOURCES_FOLDER_PATH}/AMap.bundle",
				"${TARGET_BUILD_DIR}/${UNLOCALIZED_RESOURCES_FOLDER_PATH}/AMapNavi.bundle",
			);
			runOnlyForDeploymentPostprocessing = 0;
			shellPath = /bin/sh;
			shellScript = "\"${PODS_ROOT}/Target Support Files/Pods-WatchDemoNavi/Pods-WatchDemoNavi-resources.sh\"\n";
			showEnvVarsInLog = 0;
		};
		EA02DDAEE311D68C7336C084 /* [CP] Check Pods Manifest.lock */ = {
			isa = PBXShellScriptBuildPhase;
			buildActionMask = 2147483647;
			files = (
			);
			inputFileListPaths = (
			);
			inputPaths = (
				"${PODS_PODFILE_DIR_PATH}/Podfile.lock",
				"${PODS_ROOT}/Manifest.lock",
			);
			name = "[CP] Check Pods Manifest.lock";
			outputFileListPaths = (
			);
			outputPaths = (
				"$(DERIVED_FILE_DIR)/Pods-WatchDemoNavi WatchKit Extension-checkManifestLockResult.txt",
			);
			runOnlyForDeploymentPostprocessing = 0;
			shellPath = /bin/sh;
			shellScript = "diff \"${PODS_PODFILE_DIR_PATH}/Podfile.lock\" \"${PODS_ROOT}/Manifest.lock\" > /dev/null\nif [ $? != 0 ] ; then\n    # print error to STDERR\n    echo \"error: The sandbox is not in sync with the Podfile.lock. Run 'pod install' or update your CocoaPods installation.\" >&2\n    exit 1\nfi\n# This output is used by Xcode 'outputs' to avoid re-running this script phase.\necho \"SUCCESS\" > \"${SCRIPT_OUTPUT_FILE_0}\"\n";
			showEnvVarsInLog = 0;
		};
/* End PBXShellScriptBuildPhase section */

/* Begin PBXSourcesBuildPhase section */
		0A57ED60228AB8F700A7A31C /* Sources */ = {
			isa = PBXSourcesBuildPhase;
			buildActionMask = 2147483647;
			files = (
				0A57EDDC228ABB9B00A7A31C /* TrafficStatusCircle.m in Sources */,
				0A3D118D2292594B00074387 /* AMapNaviGuide+ToDictionary.m in Sources */,
				0A3D11982292AC2800074387 /* ViewController.m in Sources */,
				0A57ED77228AB8F800A7A31C /* main.m in Sources */,
				0A57ED69228AB8F700A7A31C /* AppDelegate.m in Sources */,
				0A3D1184228EE82E00074387 /* SessionDelegate.m in Sources */,
				0A3D11892291A82400074387 /* AMapNaviInfo+ToDictionary.m in Sources */,
				0A57EDE0228ABB9B00A7A31C /* SpeechSynthesizer.m in Sources */,
			);
			runOnlyForDeploymentPostprocessing = 0;
		};
		0A57ED9B228AB8F900A7A31C /* Sources */ = {
			isa = PBXSourcesBuildPhase;
			buildActionMask = 2147483647;
			files = (
				0AAE22BA228D8387001FE5C1 /* GuideInterfaceController.m in Sources */,
				0A57EDA9228AB8F900A7A31C /* ExtensionDelegate.m in Sources */,
				0AAE22BB228D8387001FE5C1 /* GuideTableRow.m in Sources */,
				0A57EDA6228AB8F900A7A31C /* InterfaceController.m in Sources */,
				0A57EDAC228AB8F900A7A31C /* NotificationController.m in Sources */,
				0AAE22BD228D8387001FE5C1 /* HUDInterfaceController.m in Sources */,
				0A3D1185228EE82E00074387 /* SessionDelegate.m in Sources */,
				0AAE22BC228D8387001FE5C1 /* RouteTrafficInterfaceController.m in Sources */,
			);
			runOnlyForDeploymentPostprocessing = 0;
		};
/* End PBXSourcesBuildPhase section */

/* Begin PBXTargetDependency section */
		0A57ED93228AB8F900A7A31C /* PBXTargetDependency */ = {
			isa = PBXTargetDependency;
			target = 0A57ED8F228AB8F900A7A31C /* WatchDemoNavi WatchKit App */;
			targetProxy = 0A57ED92228AB8F900A7A31C /* PBXContainerItemProxy */;
		};
		0A57EDA2228AB8F900A7A31C /* PBXTargetDependency */ = {
			isa = PBXTargetDependency;
			target = 0A57ED9E228AB8F900A7A31C /* WatchDemoNavi WatchKit Extension */;
			targetProxy = 0A57EDA1228AB8F900A7A31C /* PBXContainerItemProxy */;
		};
/* End PBXTargetDependency section */

/* Begin PBXVariantGroup section */
		0A57ED72228AB8F800A7A31C /* LaunchScreen.storyboard */ = {
			isa = PBXVariantGroup;
			children = (
				0A57ED73228AB8F800A7A31C /* Base */,
			);
			name = LaunchScreen.storyboard;
			sourceTree = "<group>";
		};
		0A57ED95228AB8F900A7A31C /* Interface.storyboard */ = {
			isa = PBXVariantGroup;
			children = (
				0A57ED96228AB8F900A7A31C /* Base */,
			);
			name = Interface.storyboard;
			sourceTree = "<group>";
		};
/* End PBXVariantGroup section */

/* Begin XCBuildConfiguration section */
		0A57EDB1228AB8FA00A7A31C /* Debug */ = {
			isa = XCBuildConfiguration;
			buildSettings = {
				ALWAYS_SEARCH_USER_PATHS = NO;
				CLANG_ANALYZER_NONNULL = YES;
				CLANG_ANALYZER_NUMBER_OBJECT_CONVERSION = YES_AGGRESSIVE;
				CLANG_CXX_LANGUAGE_STANDARD = "gnu++14";
				CLANG_CXX_LIBRARY = "libc++";
				CLANG_ENABLE_MODULES = YES;
				CLANG_ENABLE_OBJC_ARC = YES;
				CLANG_ENABLE_OBJC_WEAK = YES;
				CLANG_WARN_BLOCK_CAPTURE_AUTORELEASING = YES;
				CLANG_WARN_BOOL_CONVERSION = YES;
				CLANG_WARN_COMMA = YES;
				CLANG_WARN_CONSTANT_CONVERSION = YES;
				CLANG_WARN_DEPRECATED_OBJC_IMPLEMENTATIONS = YES;
				CLANG_WARN_DIRECT_OBJC_ISA_USAGE = YES_ERROR;
				CLANG_WARN_DOCUMENTATION_COMMENTS = YES;
				CLANG_WARN_EMPTY_BODY = YES;
				CLANG_WARN_ENUM_CONVERSION = YES;
				CLANG_WARN_INFINITE_RECURSION = YES;
				CLANG_WARN_INT_CONVERSION = YES;
				CLANG_WARN_NON_LITERAL_NULL_CONVERSION = YES;
				CLANG_WARN_OBJC_IMPLICIT_RETAIN_SELF = YES;
				CLANG_WARN_OBJC_LITERAL_CONVERSION = YES;
				CLANG_WARN_OBJC_ROOT_CLASS = YES_ERROR;
				CLANG_WARN_RANGE_LOOP_ANALYSIS = YES;
				CLANG_WARN_STRICT_PROTOTYPES = YES;
				CLANG_WARN_SUSPICIOUS_MOVE = YES;
				CLANG_WARN_UNGUARDED_AVAILABILITY = YES_AGGRESSIVE;
				CLANG_WARN_UNREACHABLE_CODE = YES;
				CLANG_WARN__DUPLICATE_METHOD_MATCH = YES;
				CODE_SIGN_IDENTITY = "iPhone Developer";
				COPY_PHASE_STRIP = NO;
				DEBUG_INFORMATION_FORMAT = dwarf;
				ENABLE_STRICT_OBJC_MSGSEND = YES;
				ENABLE_TESTABILITY = YES;
				GCC_C_LANGUAGE_STANDARD = gnu11;
				GCC_DYNAMIC_NO_PIC = NO;
				GCC_NO_COMMON_BLOCKS = YES;
				GCC_OPTIMIZATION_LEVEL = 0;
				GCC_PREPROCESSOR_DEFINITIONS = (
					"DEBUG=1",
					"$(inherited)",
				);
				GCC_WARN_64_TO_32_BIT_CONVERSION = YES;
				GCC_WARN_ABOUT_RETURN_TYPE = YES_ERROR;
				GCC_WARN_UNDECLARED_SELECTOR = YES;
				GCC_WARN_UNINITIALIZED_AUTOS = YES_AGGRESSIVE;
				GCC_WARN_UNUSED_FUNCTION = YES;
				GCC_WARN_UNUSED_VARIABLE = YES;
				IPHONEOS_DEPLOYMENT_TARGET = 12.2;
				MTL_ENABLE_DEBUG_INFO = INCLUDE_SOURCE;
				MTL_FAST_MATH = YES;
				ONLY_ACTIVE_ARCH = YES;
				SDKROOT = iphoneos;
			};
			name = Debug;
		};
		0A57EDB2228AB8FA00A7A31C /* Release */ = {
			isa = XCBuildConfiguration;
			buildSettings = {
				ALWAYS_SEARCH_USER_PATHS = NO;
				CLANG_ANALYZER_NONNULL = YES;
				CLANG_ANALYZER_NUMBER_OBJECT_CONVERSION = YES_AGGRESSIVE;
				CLANG_CXX_LANGUAGE_STANDARD = "gnu++14";
				CLANG_CXX_LIBRARY = "libc++";
				CLANG_ENABLE_MODULES = YES;
				CLANG_ENABLE_OBJC_ARC = YES;
				CLANG_ENABLE_OBJC_WEAK = YES;
				CLANG_WARN_BLOCK_CAPTURE_AUTORELEASING = YES;
				CLANG_WARN_BOOL_CONVERSION = YES;
				CLANG_WARN_COMMA = YES;
				CLANG_WARN_CONSTANT_CONVERSION = YES;
				CLANG_WARN_DEPRECATED_OBJC_IMPLEMENTATIONS = YES;
				CLANG_WARN_DIRECT_OBJC_ISA_USAGE = YES_ERROR;
				CLANG_WARN_DOCUMENTATION_COMMENTS = YES;
				CLANG_WARN_EMPTY_BODY = YES;
				CLANG_WARN_ENUM_CONVERSION = YES;
				CLANG_WARN_INFINITE_RECURSION = YES;
				CLANG_WARN_INT_CONVERSION = YES;
				CLANG_WARN_NON_LITERAL_NULL_CONVERSION = YES;
				CLANG_WARN_OBJC_IMPLICIT_RETAIN_SELF = YES;
				CLANG_WARN_OBJC_LITERAL_CONVERSION = YES;
				CLANG_WARN_OBJC_ROOT_CLASS = YES_ERROR;
				CLANG_WARN_RANGE_LOOP_ANALYSIS = YES;
				CLANG_WARN_STRICT_PROTOTYPES = YES;
				CLANG_WARN_SUSPICIOUS_MOVE = YES;
				CLANG_WARN_UNGUARDED_AVAILABILITY = YES_AGGRESSIVE;
				CLANG_WARN_UNREACHABLE_CODE = YES;
				CLANG_WARN__DUPLICATE_METHOD_MATCH = YES;
				CODE_SIGN_IDENTITY = "iPhone Developer";
				COPY_PHASE_STRIP = NO;
				DEBUG_INFORMATION_FORMAT = "dwarf-with-dsym";
				ENABLE_NS_ASSERTIONS = NO;
				ENABLE_STRICT_OBJC_MSGSEND = YES;
				GCC_C_LANGUAGE_STANDARD = gnu11;
				GCC_NO_COMMON_BLOCKS = YES;
				GCC_WARN_64_TO_32_BIT_CONVERSION = YES;
				GCC_WARN_ABOUT_RETURN_TYPE = YES_ERROR;
				GCC_WARN_UNDECLARED_SELECTOR = YES;
				GCC_WARN_UNINITIALIZED_AUTOS = YES_AGGRESSIVE;
				GCC_WARN_UNUSED_FUNCTION = YES;
				GCC_WARN_UNUSED_VARIABLE = YES;
				IPHONEOS_DEPLOYMENT_TARGET = 12.2;
				MTL_ENABLE_DEBUG_INFO = NO;
				MTL_FAST_MATH = YES;
				SDKROOT = iphoneos;
				VALIDATE_PRODUCT = YES;
			};
			name = Release;
		};
		0A57EDB4228AB8FA00A7A31C /* Debug */ = {
			isa = XCBuildConfiguration;
			baseConfigurationReference = 6F071DE87A4F0D40875C9F4A /* Pods-WatchDemoNavi WatchKit Extension.debug.xcconfig */;
			buildSettings = {
				ASSETCATALOG_COMPILER_COMPLICATION_NAME = Complication;
				CODE_SIGN_ENTITLEMENTS = "WatchDemoNavi WatchKit Extension/WatchDemoNavi WatchKit Extension.entitlements";
				CODE_SIGN_STYLE = Automatic;
				DEVELOPMENT_TEAM = W73MDGR49T;
				INFOPLIST_FILE = "WatchDemoNavi WatchKit Extension/Info.plist";
				LD_RUNPATH_SEARCH_PATHS = (
					"$(inherited)",
					"@executable_path/Frameworks",
					"@executable_path/../../Frameworks",
				);
				PRODUCT_BUNDLE_IDENTIFIER = com.autonavi.WatchDemoNavi.watchkitapp.watchkitextension;
				PRODUCT_NAME = "${TARGET_NAME}";
				SDKROOT = watchos;
				SKIP_INSTALL = YES;
				TARGETED_DEVICE_FAMILY = 4;
				WATCHOS_DEPLOYMENT_TARGET = 5.2;
			};
			name = Debug;
		};
		0A57EDB5228AB8FA00A7A31C /* Release */ = {
			isa = XCBuildConfiguration;
			baseConfigurationReference = D94821EAE084CB6FFE54ADEA /* Pods-WatchDemoNavi WatchKit Extension.release.xcconfig */;
			buildSettings = {
				ASSETCATALOG_COMPILER_COMPLICATION_NAME = Complication;
				CODE_SIGN_ENTITLEMENTS = "WatchDemoNavi WatchKit Extension/WatchDemoNavi WatchKit Extension.entitlements";
				CODE_SIGN_STYLE = Automatic;
				DEVELOPMENT_TEAM = W73MDGR49T;
				INFOPLIST_FILE = "WatchDemoNavi WatchKit Extension/Info.plist";
				LD_RUNPATH_SEARCH_PATHS = (
					"$(inherited)",
					"@executable_path/Frameworks",
					"@executable_path/../../Frameworks",
				);
				PRODUCT_BUNDLE_IDENTIFIER = com.autonavi.WatchDemoNavi.watchkitapp.watchkitextension;
				PRODUCT_NAME = "${TARGET_NAME}";
				SDKROOT = watchos;
				SKIP_INSTALL = YES;
				TARGETED_DEVICE_FAMILY = 4;
				WATCHOS_DEPLOYMENT_TARGET = 5.2;
			};
			name = Release;
		};
		0A57EDB8228AB8FA00A7A31C /* Debug */ = {
			isa = XCBuildConfiguration;
			baseConfigurationReference = AB8B96C2EB0FB6555F24271A /* Pods-WatchDemoNavi WatchKit App.debug.xcconfig */;
			buildSettings = {
				ASSETCATALOG_COMPILER_APPICON_NAME = AppIcon;
				CODE_SIGN_STYLE = Automatic;
				IBSC_MODULE = WatchDemoNavi_WatchKit_Extension;
				INFOPLIST_FILE = "WatchDemoNavi WatchKit App/Info.plist";
				PRODUCT_BUNDLE_IDENTIFIER = com.autonavi.WatchDemoNavi.watchkitapp;
				PRODUCT_NAME = "$(TARGET_NAME)";
				SDKROOT = watchos;
				SKIP_INSTALL = YES;
				TARGETED_DEVICE_FAMILY = 4;
				WATCHOS_DEPLOYMENT_TARGET = 5.2;
			};
			name = Debug;
		};
		0A57EDB9228AB8FA00A7A31C /* Release */ = {
			isa = XCBuildConfiguration;
			baseConfigurationReference = 1136CFA4F16392C670DD9EA6 /* Pods-WatchDemoNavi WatchKit App.release.xcconfig */;
			buildSettings = {
				ASSETCATALOG_COMPILER_APPICON_NAME = AppIcon;
				CODE_SIGN_STYLE = Automatic;
				IBSC_MODULE = WatchDemoNavi_WatchKit_Extension;
				INFOPLIST_FILE = "WatchDemoNavi WatchKit App/Info.plist";
				PRODUCT_BUNDLE_IDENTIFIER = com.autonavi.WatchDemoNavi.watchkitapp;
				PRODUCT_NAME = "$(TARGET_NAME)";
				SDKROOT = watchos;
				SKIP_INSTALL = YES;
				TARGETED_DEVICE_FAMILY = 4;
				WATCHOS_DEPLOYMENT_TARGET = 5.2;
			};
			name = Release;
		};
		0A57EDBC228AB8FA00A7A31C /* Debug */ = {
			isa = XCBuildConfiguration;
			baseConfigurationReference = A5272DE79805C7F90F5FA871 /* Pods-WatchDemoNavi.debug.xcconfig */;
			buildSettings = {
				ASSETCATALOG_COMPILER_APPICON_NAME = AppIcon;
				CODE_SIGN_ENTITLEMENTS = WatchDemoNavi/WatchDemoNavi.entitlements;
				CODE_SIGN_STYLE = Automatic;
				DEVELOPMENT_TEAM = W73MDGR49T;
				INFOPLIST_FILE = WatchDemoNavi/Info.plist;
				LD_RUNPATH_SEARCH_PATHS = (
					"$(inherited)",
					"@executable_path/Frameworks",
				);
				PRODUCT_BUNDLE_IDENTIFIER = com.autonavi.WatchDemoNavi;
				PRODUCT_NAME = "$(TARGET_NAME)";
				TARGETED_DEVICE_FAMILY = "1,2";
			};
			name = Debug;
		};
		0A57EDBD228AB8FA00A7A31C /* Release */ = {
			isa = XCBuildConfiguration;
			baseConfigurationReference = A16AA093FD9D4A708E0F1BC0 /* Pods-WatchDemoNavi.release.xcconfig */;
			buildSettings = {
				ASSETCATALOG_COMPILER_APPICON_NAME = AppIcon;
				CODE_SIGN_ENTITLEMENTS = WatchDemoNavi/WatchDemoNavi.entitlements;
				CODE_SIGN_STYLE = Automatic;
				DEVELOPMENT_TEAM = W73MDGR49T;
				INFOPLIST_FILE = WatchDemoNavi/Info.plist;
				LD_RUNPATH_SEARCH_PATHS = (
					"$(inherited)",
					"@executable_path/Frameworks",
				);
				PRODUCT_BUNDLE_IDENTIFIER = com.autonavi.WatchDemoNavi;
				PRODUCT_NAME = "$(TARGET_NAME)";
				TARGETED_DEVICE_FAMILY = "1,2";
			};
			name = Release;
		};
/* End XCBuildConfiguration section */

/* Begin XCConfigurationList section */
		0A57ED5F228AB8F700A7A31C /* Build configuration list for PBXProject "WatchDemoNavi" */ = {
			isa = XCConfigurationList;
			buildConfigurations = (
				0A57EDB1228AB8FA00A7A31C /* Debug */,
				0A57EDB2228AB8FA00A7A31C /* Release */,
			);
			defaultConfigurationIsVisible = 0;
			defaultConfigurationName = Release;
		};
		0A57EDB3228AB8FA00A7A31C /* Build configuration list for PBXNativeTarget "WatchDemoNavi WatchKit Extension" */ = {
			isa = XCConfigurationList;
			buildConfigurations = (
				0A57EDB4228AB8FA00A7A31C /* Debug */,
				0A57EDB5228AB8FA00A7A31C /* Release */,
			);
			defaultConfigurationIsVisible = 0;
			defaultConfigurationName = Release;
		};
		0A57EDB7228AB8FA00A7A31C /* Build configuration list for PBXNativeTarget "WatchDemoNavi WatchKit App" */ = {
			isa = XCConfigurationList;
			buildConfigurations = (
				0A57EDB8228AB8FA00A7A31C /* Debug */,
				0A57EDB9228AB8FA00A7A31C /* Release */,
			);
			defaultConfigurationIsVisible = 0;
			defaultConfigurationName = Release;
		};
		0A57EDBB228AB8FA00A7A31C /* Build configuration list for PBXNativeTarget "WatchDemoNavi" */ = {
			isa = XCConfigurationList;
			buildConfigurations = (
				0A57EDBC228AB8FA00A7A31C /* Debug */,
				0A57EDBD228AB8FA00A7A31C /* Release */,
			);
			defaultConfigurationIsVisible = 0;
			defaultConfigurationName = Release;
		};
/* End XCConfigurationList section */
	};
	rootObject = 0A57ED5C228AB8F700A7A31C /* Project object */;
}
